{
  "name": "andremadarang",
  "requires": true,
  "lockfileVersion": 1,
  "dependencies": {
    "@tailwindcss/typography": {
      "version": "0.2.0",
      "resolved": "https://registry.npmjs.org/@tailwindcss/typography/-/typography-0.2.0.tgz",
      "integrity": "sha512-aPgMH+CjQiScLZculoDNOQUrrK2ktkbl3D6uCLYp1jgYRlNDrMONu9nMu8LfwAeetYNpVNeIGx7WzHSu0kvECg=="
    },
    "vue": {
      "version": "2.6.12",
      "resolved": "https://registry.npmjs.org/vue/-/vue-2.6.12.tgz",
      "integrity": "sha512-uhmLFETqPPNyuLLbsKz6ioJ4q7AZHzD8ZVFNATNyICSZouqP2Sz0rotWQC8UNBF6VGSCs5abnKJoStA6JbCbfg=="
    },
    "vue-scroll-progress": {
      "version": "1.1.5",
      "resolved": "https://registry.npmjs.org/vue-scroll-progress/-/vue-scroll-progress-1.1.5.tgz",
      "integrity": "sha512-ounrJOUd3dSWeuTuYhYsAgkD8Ewj5Z0Ho19L8Vk/donbz/jgeUHBI+MdxgsAdjWAfWLffFld3a9nUG6+5Lo0sA==",
      "requires": {
        "vue": "^2.5.11"
      }
    }
  }
}
